
Microsoft Visual Studio Solution File, Format Version 12.00
# Visual Studio Version 16
VisualStudioVersion = 16.0.29613.14
MinimumVisualStudioVersion = 10.0.40219.1
Project("{FAE04EC0-301F-11D3-BF4B-00C04F79EFBC}") = "Salesautopilot_API_Client_App", "Salesautopilot_API_Client_App.csproj", "{C6062E69-6D1E-4842-BB38-B78E5BB28947}"
EndProject
Global
	GlobalSection(SolutionConfigurationPlatforms) = preSolution
		Debug|Any CPU = Debug|Any CPU
		Release|Any CPU = Release|Any CPU
	EndGlobalSection
	GlobalSection(ProjectConfigurationPlatforms) = postSolution
		{C6062E69-6D1E-4842-BB38-B78E5BB28947}.Debug|Any CPU.ActiveCfg = Debug|Any CPU
		{C6062E69-6D1E-4842-BB38-B78E5BB28947}.Debug|Any CPU.Build.0 = Debug|Any CPU
		{C6062E69-6D1E-4842-BB38-B78E5BB28947}.Release|Any CPU.ActiveCfg = Release|Any CPU
		{C6062E69-6D1E-4842-BB38-B78E5BB28947}.Release|Any CPU.Build.0 = Release|Any CPU
	EndGlobalSection
	GlobalSection(SolutionProperties) = preSolution
		HideSolutionNode = FALSE
	EndGlobalSection
	GlobalSection(ExtensibilityGlobals) = postSolution
		SolutionGuid = {3DB55872-9136-4B98-BE23-A1144D8AB549}
	EndGlobalSection
EndGlobal
